
Microsoft Visual Studio Solution File, Format Version 12.00
# Visual Studio Version 16
VisualStudioVersion = 16.0.29230.47
MinimumVisualStudioVersion = 10.0.40219.1
Project("{FAE04EC0-301F-11D3-BF4B-00C04F79EFBC}") = "introCSharp", "introCSharp\introCSharp.csproj", "{A3E42812-55C5-4CCF-8B12-8F41C0670167}"
EndProject
Project("{FAE04EC0-301F-11D3-BF4B-00C04F79EFBC}") = "IntroOO", "IntroOO\IntroOO.csproj", "{63594E4B-158C-42A0-BCB1-DD7EDA6D7F26}"
EndProject
Project("{FAE04EC0-301F-11D3-BF4B-00C04F79EFBC}") = "banque", "banque\banque.csproj", "{F90EC4CE-8717-4509-9976-AF2685C0A3D5}"
EndProject
Project("{FAE04EC0-301F-11D3-BF4B-00C04F79EFBC}") = "Heritage", "Heritage\Heritage.csproj", "{36DAAFA0-C914-4EE2-83DD-3A402220E441}"
EndProject
Project("{FAE04EC0-301F-11D3-BF4B-00C04F79EFBC}") = "Exceptions", "Exceptions\Exceptions.csproj", "{EC6C7882-DFEA-4A01-8F6F-4E26C778B01F}"
EndProject
Project("{FAE04EC0-301F-11D3-BF4B-00C04F79EFBC}") = "Liste", "Liste\Liste.csproj", "{ABE0E81F-F1D8-429C-980F-BD2827D66F8F}"
EndProject
Global
	GlobalSection(SolutionConfigurationPlatforms) = preSolution
		Debug|Any CPU = Debug|Any CPU
		Release|Any CPU = Release|Any CPU
	EndGlobalSection
	GlobalSection(ProjectConfigurationPlatforms) = postSolution
		{A3E42812-55C5-4CCF-8B12-8F41C0670167}.Debug|Any CPU.ActiveCfg = Debug|Any CPU
		{A3E42812-55C5-4CCF-8B12-8F41C0670167}.Debug|Any CPU.Build.0 = Debug|Any CPU
		{A3E42812-55C5-4CCF-8B12-8F41C0670167}.Release|Any CPU.ActiveCfg = Release|Any CPU
		{A3E42812-55C5-4CCF-8B12-8F41C0670167}.Release|Any CPU.Build.0 = Release|Any CPU
		{63594E4B-158C-42A0-BCB1-DD7EDA6D7F26}.Debug|Any CPU.ActiveCfg = Debug|Any CPU
		{63594E4B-158C-42A0-BCB1-DD7EDA6D7F26}.Debug|Any CPU.Build.0 = Debug|Any CPU
		{63594E4B-158C-42A0-BCB1-DD7EDA6D7F26}.Release|Any CPU.ActiveCfg = Release|Any CPU
		{63594E4B-158C-42A0-BCB1-DD7EDA6D7F26}.Release|Any CPU.Build.0 = Release|Any CPU
		{F90EC4CE-8717-4509-9976-AF2685C0A3D5}.Debug|Any CPU.ActiveCfg = Debug|Any CPU
		{F90EC4CE-8717-4509-9976-AF2685C0A3D5}.Debug|Any CPU.Build.0 = Debug|Any CPU
		{F90EC4CE-8717-4509-9976-AF2685C0A3D5}.Release|Any CPU.ActiveCfg = Release|Any CPU
		{F90EC4CE-8717-4509-9976-AF2685C0A3D5}.Release|Any CPU.Build.0 = Release|Any CPU
		{36DAAFA0-C914-4EE2-83DD-3A402220E441}.Debug|Any CPU.ActiveCfg = Debug|Any CPU
		{36DAAFA0-C914-4EE2-83DD-3A402220E441}.Debug|Any CPU.Build.0 = Debug|Any CPU
		{36DAAFA0-C914-4EE2-83DD-3A402220E441}.Release|Any CPU.ActiveCfg = Release|Any CPU
		{36DAAFA0-C914-4EE2-83DD-3A402220E441}.Release|Any CPU.Build.0 = Release|Any CPU
		{EC6C7882-DFEA-4A01-8F6F-4E26C778B01F}.Debug|Any CPU.ActiveCfg = Debug|Any CPU
		{EC6C7882-DFEA-4A01-8F6F-4E26C778B01F}.Debug|Any CPU.Build.0 = Debug|Any CPU
		{EC6C7882-DFEA-4A01-8F6F-4E26C778B01F}.Release|Any CPU.ActiveCfg = Release|Any CPU
		{EC6C7882-DFEA-4A01-8F6F-4E26C778B01F}.Release|Any CPU.Build.0 = Release|Any CPU
		{ABE0E81F-F1D8-429C-980F-BD2827D66F8F}.Debug|Any CPU.ActiveCfg = Debug|Any CPU
		{ABE0E81F-F1D8-429C-980F-BD2827D66F8F}.Debug|Any CPU.Build.0 = Debug|Any CPU
		{ABE0E81F-F1D8-429C-980F-BD2827D66F8F}.Release|Any CPU.ActiveCfg = Release|Any CPU
		{ABE0E81F-F1D8-429C-980F-BD2827D66F8F}.Release|Any CPU.Build.0 = Release|Any CPU
	EndGlobalSection
	GlobalSection(SolutionProperties) = preSolution
		HideSolutionNode = FALSE
	EndGlobalSection
	GlobalSection(ExtensibilityGlobals) = postSolution
		SolutionGuid = {9D98E345-4836-4093-A15F-5FD39570A3FA}
	EndGlobalSection
EndGlobal
